{
  "requires": true,
  "lockfileVersion": 1,
  "dependencies": {
    "material-icons": {
      "version": "0.6.3",
      "resolved": "https://registry.npmjs.org/material-icons/-/material-icons-0.6.3.tgz",
      "integrity": "sha512-L7YofK4WQR1rDAO/wdn17OzTIbFpXf+pnnFv+utfFY7Wff7wSu/TLL+XgPWnEzd95OuusLLx78XCPzy+SSDk0A=="
    }
  }
}
